
Microsoft Visual Studio Solution File, Format Version 12.00
# Visual Studio Version 17
VisualStudioVersion = 17.14.36121.58
MinimumVisualStudioVersion = 10.0.40219.1
Project("{FAE04EC0-301F-11D3-BF4B-00C04F79EFBC}") = "OpenRouterClientLiteTesting", "ConsoleApp2\OpenRouterClientLiteTesting.csproj", "{79D2AD6B-8DA5-4B14-8337-4FFB872C265B}"
EndProject
Global
	GlobalSection(SolutionConfigurationPlatforms) = preSolution
		Debug|Any CPU = Debug|Any CPU
		Release|Any CPU = Release|Any CPU
	EndGlobalSection
	GlobalSection(ProjectConfigurationPlatforms) = postSolution
		{79D2AD6B-8DA5-4B14-8337-4FFB872C265B}.Debug|Any CPU.ActiveCfg = Debug|Any CPU
		{79D2AD6B-8DA5-4B14-8337-4FFB872C265B}.Debug|Any CPU.Build.0 = Debug|Any CPU
		{79D2AD6B-8DA5-4B14-8337-4FFB872C265B}.Release|Any CPU.ActiveCfg = Release|Any CPU
		{79D2AD6B-8DA5-4B14-8337-4FFB872C265B}.Release|Any CPU.Build.0 = Release|Any CPU
	EndGlobalSection
	GlobalSection(SolutionProperties) = preSolution
		HideSolutionNode = FALSE
	EndGlobalSection
	GlobalSection(ExtensibilityGlobals) = postSolution
		SolutionGuid = {E23624CD-0BCA-4773-ACF1-939A3FCA4951}
	EndGlobalSection
EndGlobal
